
Microsoft Visual Studio Solution File, Format Version 12.00
# Visual Studio Version 16
VisualStudioVersion = 16.0.28822.285
MinimumVisualStudioVersion = 10.0.40219.1
Project("{FAE04EC0-301F-11D3-BF4B-00C04F79EFBC}") = "FTE.Hiring", "FTE.Hiring.csproj", "{EE7D71F4-94CE-4C2E-AB23-2F0571BBF54D}"
EndProject
Global
	GlobalSection(SolutionConfigurationPlatforms) = preSolution
		Debug|Any CPU = Debug|Any CPU
		Release|Any CPU = Release|Any CPU
	EndGlobalSection
	GlobalSection(ProjectConfigurationPlatforms) = postSolution
		{EE7D71F4-94CE-4C2E-AB23-2F0571BBF54D}.Debug|Any CPU.ActiveCfg = Debug|Any CPU
		{EE7D71F4-94CE-4C2E-AB23-2F0571BBF54D}.Debug|Any CPU.Build.0 = Debug|Any CPU
		{EE7D71F4-94CE-4C2E-AB23-2F0571BBF54D}.Release|Any CPU.ActiveCfg = Release|Any CPU
		{EE7D71F4-94CE-4C2E-AB23-2F0571BBF54D}.Release|Any CPU.Build.0 = Release|Any CPU
	EndGlobalSection
	GlobalSection(SolutionProperties) = preSolution
		HideSolutionNode = FALSE
	EndGlobalSection
	GlobalSection(ExtensibilityGlobals) = postSolution
		SolutionGuid = {B2E471A6-2CAC-421F-B455-9AE36E4A6F61}
	EndGlobalSection
EndGlobal
